
Microsoft Visual Studio Solution File, Format Version 12.00
# Visual Studio Version 17
VisualStudioVersion = 17.1.32228.430
MinimumVisualStudioVersion = 10.0.40219.1
Project("{FAE04EC0-301F-11D3-BF4B-00C04F79EFBC}") = "MoveIT.PriceCalculator", "MoveIT.PriceCalculator\MoveIT.PriceCalculator.csproj", "{80B19891-CEB2-427E-9C08-8D0EDD60CB1D}"
EndProject
Project("{FAE04EC0-301F-11D3-BF4B-00C04F79EFBC}") = "MoveIT.Web", "MoveIT.Web\MoveIT.Web.csproj", "{9C76B2D5-07BA-4B60-A483-277C10740BE2}"
	ProjectSection(ProjectDependencies) = postProject
		{80B19891-CEB2-427E-9C08-8D0EDD60CB1D} = {80B19891-CEB2-427E-9C08-8D0EDD60CB1D}
	EndProjectSection
EndProject
Global
	GlobalSection(SolutionConfigurationPlatforms) = preSolution
		Debug|Any CPU = Debug|Any CPU
		Release|Any CPU = Release|Any CPU
	EndGlobalSection
	GlobalSection(ProjectConfigurationPlatforms) = postSolution
		{80B19891-CEB2-427E-9C08-8D0EDD60CB1D}.Debug|Any CPU.ActiveCfg = Debug|Any CPU
		{80B19891-CEB2-427E-9C08-8D0EDD60CB1D}.Debug|Any CPU.Build.0 = Debug|Any CPU
		{80B19891-CEB2-427E-9C08-8D0EDD60CB1D}.Release|Any CPU.ActiveCfg = Release|Any CPU
		{80B19891-CEB2-427E-9C08-8D0EDD60CB1D}.Release|Any CPU.Build.0 = Release|Any CPU
		{9C76B2D5-07BA-4B60-A483-277C10740BE2}.Debug|Any CPU.ActiveCfg = Debug|Any CPU
		{9C76B2D5-07BA-4B60-A483-277C10740BE2}.Debug|Any CPU.Build.0 = Debug|Any CPU
		{9C76B2D5-07BA-4B60-A483-277C10740BE2}.Release|Any CPU.ActiveCfg = Release|Any CPU
		{9C76B2D5-07BA-4B60-A483-277C10740BE2}.Release|Any CPU.Build.0 = Release|Any CPU
	EndGlobalSection
	GlobalSection(SolutionProperties) = preSolution
		HideSolutionNode = FALSE
	EndGlobalSection
	GlobalSection(ExtensibilityGlobals) = postSolution
		SolutionGuid = {591C6C59-11E9-40AC-AB44-1A8E41C5DB4D}
	EndGlobalSection
EndGlobal
